
Microsoft Visual Studio Solution File, Format Version 12.00
# Visual Studio Version 17
VisualStudioVersion = 17.5.33424.131
MinimumVisualStudioVersion = 10.0.40219.1
Project("{9A19103F-16F7-4668-BE54-9A1E7A4F7556}") = "Card", "Card\Card.csproj", "{29CD5D2C-CF5E-4660-B80D-DAF5A940C92C}"
EndProject
Project("{FAE04EC0-301F-11D3-BF4B-00C04F79EFBC}") = "PaymentMeansTests", "PaymentMeansTests\PaymentMeansTests.csproj", "{E9DC68DC-5363-4521-9815-CAE394E3ACA5}"
EndProject
Global
	GlobalSection(SolutionConfigurationPlatforms) = preSolution
		Debug|Any CPU = Debug|Any CPU
		Release|Any CPU = Release|Any CPU
	EndGlobalSection
	GlobalSection(ProjectConfigurationPlatforms) = postSolution
		{29CD5D2C-CF5E-4660-B80D-DAF5A940C92C}.Debug|Any CPU.ActiveCfg = Debug|Any CPU
		{29CD5D2C-CF5E-4660-B80D-DAF5A940C92C}.Debug|Any CPU.Build.0 = Debug|Any CPU
		{29CD5D2C-CF5E-4660-B80D-DAF5A940C92C}.Release|Any CPU.ActiveCfg = Release|Any CPU
		{29CD5D2C-CF5E-4660-B80D-DAF5A940C92C}.Release|Any CPU.Build.0 = Release|Any CPU
		{E9DC68DC-5363-4521-9815-CAE394E3ACA5}.Debug|Any CPU.ActiveCfg = Debug|Any CPU
		{E9DC68DC-5363-4521-9815-CAE394E3ACA5}.Debug|Any CPU.Build.0 = Debug|Any CPU
		{E9DC68DC-5363-4521-9815-CAE394E3ACA5}.Release|Any CPU.ActiveCfg = Release|Any CPU
		{E9DC68DC-5363-4521-9815-CAE394E3ACA5}.Release|Any CPU.Build.0 = Release|Any CPU
	EndGlobalSection
	GlobalSection(SolutionProperties) = preSolution
		HideSolutionNode = FALSE
	EndGlobalSection
	GlobalSection(ExtensibilityGlobals) = postSolution
		SolutionGuid = {C571C4A9-1B3A-477D-8B92-5A066464028B}
	EndGlobalSection
EndGlobal
